// !$*UTF8*$!
{
	archiveVersion = 1;
	classes = {
	};
	objectVersion = 48;
	objects = {

/* Begin PBXBuildFile section */
		3027E825F26869C9F4B93283 /* libPods-Sorin.a in Frameworks */ = {isa = PBXBuildFile; fileRef = 52207947D822A22F2FFACFB6 /* libPods-Sorin.a */; };
		A63A2BE5203EA72D007FACCF /* AppDelegate.m in Sources */ = {isa = PBXBuildFile; fileRef = A63A2BE4203EA72D007FACCF /* AppDelegate.m */; };
		A63A2BE8203EA72D007FACCF /* ViewController.m in Sources */ = {isa = PBXBuildFile; fileRef = A63A2BE7203EA72D007FACCF /* ViewController.m */; };
		A63A2BEB203EA72D007FACCF /* Main.storyboard in Resources */ = {isa = PBXBuildFile; fileRef = A63A2BE9203EA72D007FACCF /* Main.storyboard */; };
		A63A2BED203EA72D007FACCF /* Assets.xcassets in Resources */ = {isa = PBXBuildFile; fileRef = A63A2BEC203EA72D007FACCF /* Assets.xcassets */; };
		A63A2BF0203EA72D007FACCF /* LaunchScreen.storyboard in Resources */ = {isa = PBXBuildFile; fileRef = A63A2BEE203EA72D007FACCF /* LaunchScreen.storyboard */; };
		A63A2BF3203EA72D007FACCF /* main.m in Sources */ = {isa = PBXBuildFile; fileRef = A63A2BF2203EA72D007FACCF /* main.m */; };
		A63A2BFD203EA72D007FACCF /* SorinTests.m in Sources */ = {isa = PBXBuildFile; fileRef = A63A2BFC203EA72D007FACCF /* SorinTests.m */; };
		A63A2C08203EA72D007FACCF /* SorinUITests.m in Sources */ = {isa = PBXBuildFile; fileRef = A63A2C07203EA72D007FACCF /* SorinUITests.m */; };
		A63A2C18203ED261007FACCF /* SorinNavigationViewController.m in Sources */ = {isa = PBXBuildFile; fileRef = A63A2C17203ED261007FACCF /* SorinNavigationViewController.m */; };
		A63A2C1B203ED9EF007FACCF /* MainViewController.m in Sources */ = {isa = PBXBuildFile; fileRef = A63A2C1A203ED9EF007FACCF /* MainViewController.m */; };
		A65855C120464CF7004C82B8 /* UIView+sorinFrame.m in Sources */ = {isa = PBXBuildFile; fileRef = A65855C020464CF7004C82B8 /* UIView+sorinFrame.m */; };
		A65855C42046C1E8004C82B8 /* MusicModel.m in Sources */ = {isa = PBXBuildFile; fileRef = A65855C32046C1E8004C82B8 /* MusicModel.m */; };
		A65855C72046F039004C82B8 /* MusicPlayViewController.m in Sources */ = {isa = PBXBuildFile; fileRef = A65855C62046F039004C82B8 /* MusicPlayViewController.m */; };
		A65855CA204A7C13004C82B8 /* LrcModel.m in Sources */ = {isa = PBXBuildFile; fileRef = A65855C9204A7C13004C82B8 /* LrcModel.m */; };
		A65855CE205000BD004C82B8 /* MotionManagerViewController.m in Sources */ = {isa = PBXBuildFile; fileRef = A65855CD205000BD004C82B8 /* MotionManagerViewController.m */; };
		A65855D1205F5DF8004C82B8 /* GCDViewController.m in Sources */ = {isa = PBXBuildFile; fileRef = A65855D0205F5DF8004C82B8 /* GCDViewController.m */; };
		A6D3A9D7204151000078A216 /* bb@2x.jpg in Resources */ = {isa = PBXBuildFile; fileRef = A6D3A9AC204151000078A216 /* bb@2x.jpg */; };
		A6D3A9D8204151000078A216 /* bb_icon@2x.jpg in Resources */ = {isa = PBXBuildFile; fileRef = A6D3A9AD204151000078A216 /* bb_icon@2x.jpg */; };
		A6D3A9D9204151000078A216 /* dzq@2x.jpg in Resources */ = {isa = PBXBuildFile; fileRef = A6D3A9AE204151000078A216 /* dzq@2x.jpg */; };
		A6D3A9DA204151000078A216 /* dzq_icon@2x.jpg in Resources */ = {isa = PBXBuildFile; fileRef = A6D3A9AF204151000078A216 /* dzq_icon@2x.jpg */; };
		A6D3A9DB204151000078A216 /* eason@2x.jpg in Resources */ = {isa = PBXBuildFile; fileRef = A6D3A9B0204151000078A216 /* eason@2x.jpg */; };
		A6D3A9DC204151000078A216 /* eason_icon@2x.jpg in Resources */ = {isa = PBXBuildFile; fileRef = A6D3A9B1204151000078A216 /* eason_icon@2x.jpg */; };
		A6D3A9DD204151000078A216 /* jay@2x.jpg in Resources */ = {isa = PBXBuildFile; fileRef = A6D3A9B2204151000078A216 /* jay@2x.jpg */; };
		A6D3A9DE204151000078A216 /* jay_icon@2x.png in Resources */ = {isa = PBXBuildFile; fileRef = A6D3A9B3204151000078A216 /* jay_icon@2x.png */; };
		A6D3A9DF204151000078A216 /* jj@2x.jpg in Resources */ = {isa = PBXBuildFile; fileRef = A6D3A9B4204151000078A216 /* jj@2x.jpg */; };
		A6D3A9E0204151000078A216 /* jj_icon@2x.png in Resources */ = {isa = PBXBuildFile; fileRef = A6D3A9B5204151000078A216 /* jj_icon@2x.png */; };
		A6D3A9E1204151000078A216 /* kzxd@2x.jpg in Resources */ = {isa = PBXBuildFile; fileRef = A6D3A9B6204151000078A216 /* kzxd@2x.jpg */; };
		A6D3A9E2204151000078A216 /* kzxd_icon@2x.jpg in Resources */ = {isa = PBXBuildFile; fileRef = A6D3A9B7204151000078A216 /* kzxd_icon@2x.jpg */; };
		A6D3A9E3204151000078A216 /* lkq@2x.jpg in Resources */ = {isa = PBXBuildFile; fileRef = A6D3A9B8204151000078A216 /* lkq@2x.jpg */; };
		A6D3A9E4204151000078A216 /* lkq_icon@2x.jpg in Resources */ = {isa = PBXBuildFile; fileRef = A6D3A9B9204151000078A216 /* lkq_icon@2x.jpg */; };
		A6D3A9E5204151000078A216 /* nanquan@2x.jpg in Resources */ = {isa = PBXBuildFile; fileRef = A6D3A9BA204151000078A216 /* nanquan@2x.jpg */; };
		A6D3A9E6204151000078A216 /* nanquan_icon@2x.jpg in Resources */ = {isa = PBXBuildFile; fileRef = A6D3A9BB204151000078A216 /* nanquan_icon@2x.jpg */; };
		A6D3A9E7204151000078A216 /* wf@2x.jpg in Resources */ = {isa = PBXBuildFile; fileRef = A6D3A9BC204151000078A216 /* wf@2x.jpg */; };
		A6D3A9E8204151000078A216 /* wf_icon@2x.jpg in Resources */ = {isa = PBXBuildFile; fileRef = A6D3A9BD204151000078A216 /* wf_icon@2x.jpg */; };
		A6D3A9E9204151000078A216 /* zxy@2x.jpg in Resources */ = {isa = PBXBuildFile; fileRef = A6D3A9BE204151000078A216 /* zxy@2x.jpg */; };
		A6D3A9EA204151000078A216 /* zxy_icon@2x.jpg in Resources */ = {isa = PBXBuildFile; fileRef = A6D3A9BF204151000078A216 /* zxy_icon@2x.jpg */; };
		A6D3A9EB204151000078A216 /* 传奇.lrc in Resources */ = {isa = PBXBuildFile; fileRef = A6D3A9C1204151000078A216 /* 传奇.lrc */; };
		A6D3A9EC204151000078A216 /* 简单爱.lrc in Resources */ = {isa = PBXBuildFile; fileRef = A6D3A9C2204151000078A216 /* 简单爱.lrc */; };
		A6D3A9ED204151000078A216 /* 小苹果.lrc in Resources */ = {isa = PBXBuildFile; fileRef = A6D3A9C3204151000078A216 /* 小苹果.lrc */; };
		A6D3A9EE204151000078A216 /* I Want It That Way.lrc in Resources */ = {isa = PBXBuildFile; fileRef = A6D3A9C4204151000078A216 /* I Want It That Way.lrc */; };
		A6D3A9EF204151000078A216 /* 泡沫.lrc in Resources */ = {isa = PBXBuildFile; fileRef = A6D3A9C5204151000078A216 /* 泡沫.lrc */; };
		A6D3A9F0204151000078A216 /* 心碎了无痕.lrc in Resources */ = {isa = PBXBuildFile; fileRef = A6D3A9C6204151000078A216 /* 心碎了无痕.lrc */; };
		A6D3A9F1204151000078A216 /* 瓦解.lrc in Resources */ = {isa = PBXBuildFile; fileRef = A6D3A9C7204151000078A216 /* 瓦解.lrc */; };
		A6D3A9F2204151000078A216 /* 一千年以后.lrc in Resources */ = {isa = PBXBuildFile; fileRef = A6D3A9C8204151000078A216 /* 一千年以后.lrc */; };
		A6D3A9F3204151000078A216 /* 最佳损友.lrc in Resources */ = {isa = PBXBuildFile; fileRef = A6D3A9C9204151000078A216 /* 最佳损友.lrc */; };
		A6D3A9F4204151000078A216 /* 月半小夜曲.lrc in Resources */ = {isa = PBXBuildFile; fileRef = A6D3A9CA204151000078A216 /* 月半小夜曲.lrc */; };
		A6D3A9F5204151000078A216 /* 传奇.mp3 in Resources */ = {isa = PBXBuildFile; fileRef = A6D3A9CC204151000078A216 /* 传奇.mp3 */; };
		A6D3A9F6204151000078A216 /* 简单爱.mp3 in Resources */ = {isa = PBXBuildFile; fileRef = A6D3A9CD204151000078A216 /* 简单爱.mp3 */; };
		A6D3A9F7204151000078A216 /* 月半小夜曲.mp3 in Resources */ = {isa = PBXBuildFile; fileRef = A6D3A9CE204151000078A216 /* 月半小夜曲.mp3 */; };
		A6D3A9F8204151000078A216 /* 小苹果.mp3 in Resources */ = {isa = PBXBuildFile; fileRef = A6D3A9CF204151000078A216 /* 小苹果.mp3 */; };
		A6D3A9F9204151000078A216 /* I Want It That Way.mp3 in Resources */ = {isa = PBXBuildFile; fileRef = A6D3A9D0204151000078A216 /* I Want It That Way.mp3 */; };
		A6D3A9FA204151000078A216 /* 泡沫.mp3 in Resources */ = {isa = PBXBuildFile; fileRef = A6D3A9D1204151000078A216 /* 泡沫.mp3 */; };
		A6D3A9FB204151000078A216 /* 心碎了无痕.mp3 in Resources */ = {isa = PBXBuildFile; fileRef = A6D3A9D2204151000078A216 /* 心碎了无痕.mp3 */; };
		A6D3A9FC204151000078A216 /* 瓦解.mp3 in Resources */ = {isa = PBXBuildFile; fileRef = A6D3A9D3204151000078A216 /* 瓦解.mp3 */; };
		A6D3A9FD204151000078A216 /* 一千年以后.mp3 in Resources */ = {isa = PBXBuildFile; fileRef = A6D3A9D4204151000078A216 /* 一千年以后.mp3 */; };
		A6D3A9FE204151000078A216 /* 最佳损友.mp3 in Resources */ = {isa = PBXBuildFile; fileRef = A6D3A9D5204151000078A216 /* 最佳损友.mp3 */; };
		A6D3A9FF204151000078A216 /* Musics.plist in Resources */ = {isa = PBXBuildFile; fileRef = A6D3A9D6204151000078A216 /* Musics.plist */; };
		A6D3AA0B2042CE970078A216 /* SorinBaseViewController.m in Sources */ = {isa = PBXBuildFile; fileRef = A6D3AA0A2042CE970078A216 /* SorinBaseViewController.m */; };
		A6D3AA112042CFCA0078A216 /* MusicViewController.m in Sources */ = {isa = PBXBuildFile; fileRef = A6D3AA102042CFCA0078A216 /* MusicViewController.m */; };
		A6D3AA142042D13A0078A216 /* NewsViewController.m in Sources */ = {isa = PBXBuildFile; fileRef = A6D3AA132042D13A0078A216 /* NewsViewController.m */; };
		A6D3AA172042D2EA0078A216 /* LrcViewCell.m in Sources */ = {isa = PBXBuildFile; fileRef = A6D3AA162042D2EA0078A216 /* LrcViewCell.m */; };
		A6D3AA1A2042D2F90078A216 /* MusicListViewCell.m in Sources */ = {isa = PBXBuildFile; fileRef = A6D3AA192042D2F90078A216 /* MusicListViewCell.m */; };
		A6D3AA1D2042D3160078A216 /* LrcView.m in Sources */ = {isa = PBXBuildFile; fileRef = A6D3AA1C2042D3160078A216 /* LrcView.m */; };
		A6D3AA202042D3450078A216 /* MusicInfoModel.m in Sources */ = {isa = PBXBuildFile; fileRef = A6D3AA1F2042D3450078A216 /* MusicInfoModel.m */; };
		A6D3AA242042E5100078A216 /* MusicToolInstance.m in Sources */ = {isa = PBXBuildFile; fileRef = A6D3AA232042E5100078A216 /* MusicToolInstance.m */; };
		A6D3AA272043EE180078A216 /* SorinNavgationbar.m in Sources */ = {isa = PBXBuildFile; fileRef = A6D3AA262043EE180078A216 /* SorinNavgationbar.m */; };
		A6D3AA3D2044168D0078A216 /* SorinTabbarController.m in Sources */ = {isa = PBXBuildFile; fileRef = A6D3AA3C2044168D0078A216 /* SorinTabbarController.m */; };
		A6D3AA40204417C10078A216 /* MainTabbarController.m in Sources */ = {isa = PBXBuildFile; fileRef = A6D3AA3F204417C10078A216 /* MainTabbarController.m */; };
/* End PBXBuildFile section */

/* Begin PBXContainerItemProxy section */
		A63A2BF9203EA72D007FACCF /* PBXContainerItemProxy */ = {
			isa = PBXContainerItemProxy;
			containerPortal = A63A2BD8203EA72C007FACCF /* Project object */;
			proxyType = 1;
			remoteGlobalIDString = A63A2BDF203EA72D007FACCF;
			remoteInfo = Sorin;
		};
		A63A2C04203EA72D007FACCF /* PBXContainerItemProxy */ = {
			isa = PBXContainerItemProxy;
			containerPortal = A63A2BD8203EA72C007FACCF /* Project object */;
			proxyType = 1;
			remoteGlobalIDString = A63A2BDF203EA72D007FACCF;
			remoteInfo = Sorin;
		};
/* End PBXContainerItemProxy section */

/* Begin PBXFileReference section */
		52207947D822A22F2FFACFB6 /* libPods-Sorin.a */ = {isa = PBXFileReference; explicitFileType = archive.ar; includeInIndex = 0; path = "libPods-Sorin.a"; sourceTree = BUILT_PRODUCTS_DIR; };
		A602419320453C7300A8846D /* SorinTool.h */ = {isa = PBXFileReference; lastKnownFileType = sourcecode.c.h; path = SorinTool.h; sourceTree = "<group>"; };
		A63A2BE0203EA72D007FACCF /* Sorin.app */ = {isa = PBXFileReference; explicitFileType = wrapper.application; includeInIndex = 0; path = Sorin.app; sourceTree = BUILT_PRODUCTS_DIR; };
		A63A2BE3203EA72D007FACCF /* AppDelegate.h */ = {isa = PBXFileReference; lastKnownFileType = sourcecode.c.h; path = AppDelegate.h; sourceTree = "<group>"; };
		A63A2BE4203EA72D007FACCF /* AppDelegate.m */ = {isa = PBXFileReference; lastKnownFileType = sourcecode.c.objc; path = AppDelegate.m; sourceTree = "<group>"; };
		A63A2BE6203EA72D007FACCF /* ViewController.h */ = {isa = PBXFileReference; lastKnownFileType = sourcecode.c.h; path = ViewController.h; sourceTree = "<group>"; };
		A63A2BE7203EA72D007FACCF /* ViewController.m */ = {isa = PBXFileReference; lastKnownFileType = sourcecode.c.objc; path = ViewController.m; sourceTree = "<group>"; };
		A63A2BEA203EA72D007FACCF /* Base */ = {isa = PBXFileReference; lastKnownFileType = file.storyboard; name = Base; path = Base.lproj/Main.storyboard; sourceTree = "<group>"; };
		A63A2BEC203EA72D007FACCF /* Assets.xcassets */ = {isa = PBXFileReference; lastKnownFileType = folder.assetcatalog; path = Assets.xcassets; sourceTree = "<group>"; };
		A63A2BEF203EA72D007FACCF /* Base */ = {isa = PBXFileReference; lastKnownFileType = file.storyboard; name = Base; path = Base.lproj/LaunchScreen.storyboard; sourceTree = "<group>"; };
		A63A2BF1203EA72D007FACCF /* Info.plist */ = {isa = PBXFileReference; lastKnownFileType = text.plist.xml; path = Info.plist; sourceTree = "<group>"; };
		A63A2BF2203EA72D007FACCF /* main.m */ = {isa = PBXFileReference; lastKnownFileType = sourcecode.c.objc; path = main.m; sourceTree = "<group>"; };
		A63A2BF8203EA72D007FACCF /* SorinTests.xctest */ = {isa = PBXFileReference; explicitFileType = wrapper.cfbundle; includeInIndex = 0; path = SorinTests.xctest; sourceTree = BUILT_PRODUCTS_DIR; };
		A63A2BFC203EA72D007FACCF /* SorinTests.m */ = {isa = PBXFileReference; lastKnownFileType = sourcecode.c.objc; path = SorinTests.m; sourceTree = "<group>"; };
		A63A2BFE203EA72D007FACCF /* Info.plist */ = {isa = PBXFileReference; lastKnownFileType = text.plist.xml; path = Info.plist; sourceTree = "<group>"; };
		A63A2C03203EA72D007FACCF /* SorinUITests.xctest */ = {isa = PBXFileReference; explicitFileType = wrapper.cfbundle; includeInIndex = 0; path = SorinUITests.xctest; sourceTree = BUILT_PRODUCTS_DIR; };
		A63A2C07203EA72D007FACCF /* SorinUITests.m */ = {isa = PBXFileReference; lastKnownFileType = sourcecode.c.objc; path = SorinUITests.m; sourceTree = "<group>"; };
		A63A2C09203EA72D007FACCF /* Info.plist */ = {isa = PBXFileReference; lastKnownFileType = text.plist.xml; path = Info.plist; sourceTree = "<group>"; };
		A63A2C15203EA743007FACCF /* Sorin.pch */ = {isa = PBXFileReference; lastKnownFileType = sourcecode.c.h; path = Sorin.pch; sourceTree = "<group>"; };
		A63A2C16203ED261007FACCF /* SorinNavigationViewController.h */ = {isa = PBXFileReference; lastKnownFileType = sourcecode.c.h; path = SorinNavigationViewController.h; sourceTree = "<group>"; };
		A63A2C17203ED261007FACCF /* SorinNavigationViewController.m */ = {isa = PBXFileReference; lastKnownFileType = sourcecode.c.objc; path = SorinNavigationViewController.m; sourceTree = "<group>"; };
		A63A2C19203ED9EF007FACCF /* MainViewController.h */ = {isa = PBXFileReference; lastKnownFileType = sourcecode.c.h; path = MainViewController.h; sourceTree = "<group>"; };
		A63A2C1A203ED9EF007FACCF /* MainViewController.m */ = {isa = PBXFileReference; lastKnownFileType = sourcecode.c.objc; path = MainViewController.m; sourceTree = "<group>"; };
		A65855BF20464CF7004C82B8 /* UIView+sorinFrame.h */ = {isa = PBXFileReference; lastKnownFileType = sourcecode.c.h; path = "UIView+sorinFrame.h"; sourceTree = "<group>"; };
		A65855C020464CF7004C82B8 /* UIView+sorinFrame.m */ = {isa = PBXFileReference; lastKnownFileType = sourcecode.c.objc; path = "UIView+sorinFrame.m"; sourceTree = "<group>"; };
		A65855C22046C1E8004C82B8 /* MusicModel.h */ = {isa = PBXFileReference; lastKnownFileType = sourcecode.c.h; path = MusicModel.h; sourceTree = "<group>"; };
		A65855C32046C1E8004C82B8 /* MusicModel.m */ = {isa = PBXFileReference; lastKnownFileType = sourcecode.c.objc; path = MusicModel.m; sourceTree = "<group>"; };
		A65855C52046F039004C82B8 /* MusicPlayViewController.h */ = {isa = PBXFileReference; lastKnownFileType = sourcecode.c.h; path = MusicPlayViewController.h; sourceTree = "<group>"; };
		A65855C62046F039004C82B8 /* MusicPlayViewController.m */ = {isa = PBXFileReference; lastKnownFileType = sourcecode.c.objc; path = MusicPlayViewController.m; sourceTree = "<group>"; };
		A65855C8204A7C13004C82B8 /* LrcModel.h */ = {isa = PBXFileReference; lastKnownFileType = sourcecode.c.h; path = LrcModel.h; sourceTree = "<group>"; };
		A65855C9204A7C13004C82B8 /* LrcModel.m */ = {isa = PBXFileReference; lastKnownFileType = sourcecode.c.objc; path = LrcModel.m; sourceTree = "<group>"; };
		A65855CC205000BD004C82B8 /* MotionManagerViewController.h */ = {isa = PBXFileReference; lastKnownFileType = sourcecode.c.h; path = MotionManagerViewController.h; sourceTree = "<group>"; };
		A65855CD205000BD004C82B8 /* MotionManagerViewController.m */ = {isa = PBXFileReference; lastKnownFileType = sourcecode.c.objc; path = MotionManagerViewController.m; sourceTree = "<group>"; };
		A65855CF205F5DF8004C82B8 /* GCDViewController.h */ = {isa = PBXFileReference; lastKnownFileType = sourcecode.c.h; path = GCDViewController.h; sourceTree = "<group>"; };
		A65855D0205F5DF8004C82B8 /* GCDViewController.m */ = {isa = PBXFileReference; lastKnownFileType = sourcecode.c.objc; path = GCDViewController.m; sourceTree = "<group>"; };
		A6D3A9AC204151000078A216 /* bb@2x.jpg */ = {isa = PBXFileReference; lastKnownFileType = image.jpeg; path = "bb@2x.jpg"; sourceTree = "<group>"; };
		A6D3A9AD204151000078A216 /* bb_icon@2x.jpg */ = {isa = PBXFileReference; lastKnownFileType = image.jpeg; path = "bb_icon@2x.jpg"; sourceTree = "<group>"; };
		A6D3A9AE204151000078A216 /* dzq@2x.jpg */ = {isa = PBXFileReference; lastKnownFileType = image.jpeg; path = "dzq@2x.jpg"; sourceTree = "<group>"; };
		A6D3A9AF204151000078A216 /* dzq_icon@2x.jpg */ = {isa = PBXFileReference; lastKnownFileType = image.jpeg; path = "dzq_icon@2x.jpg"; sourceTree = "<group>"; };
		A6D3A9B0204151000078A216 /* eason@2x.jpg */ = {isa = PBXFileReference; lastKnownFileType = image.jpeg; path = "eason@2x.jpg"; sourceTree = "<group>"; };
		A6D3A9B1204151000078A216 /* eason_icon@2x.jpg */ = {isa = PBXFileReference; lastKnownFileType = image.jpeg; path = "eason_icon@2x.jpg"; sourceTree = "<group>"; };
		A6D3A9B2204151000078A216 /* jay@2x.jpg */ = {isa = PBXFileReference; lastKnownFileType = image.jpeg; path = "jay@2x.jpg"; sourceTree = "<group>"; };
		A6D3A9B3204151000078A216 /* jay_icon@2x.png */ = {isa = PBXFileReference; lastKnownFileType = image.png; path = "jay_icon@2x.png"; sourceTree = "<group>"; };
		A6D3A9B4204151000078A216 /* jj@2x.jpg */ = {isa = PBXFileReference; lastKnownFileType = image.jpeg; path = "jj@2x.jpg"; sourceTree = "<group>"; };
		A6D3A9B5204151000078A216 /* jj_icon@2x.png */ = {isa = PBXFileReference; lastKnownFileType = image.png; path = "jj_icon@2x.png"; sourceTree = "<group>"; };
		A6D3A9B6204151000078A216 /* kzxd@2x.jpg */ = {isa = PBXFileReference; lastKnownFileType = image.jpeg; path = "kzxd@2x.jpg"; sourceTree = "<group>"; };
		A6D3A9B7204151000078A216 /* kzxd_icon@2x.jpg */ = {isa = PBXFileReference; lastKnownFileType = image.jpeg; path = "kzxd_icon@2x.jpg"; sourceTree = "<group>"; };
		A6D3A9B8204151000078A216 /* lkq@2x.jpg */ = {isa = PBXFileReference; lastKnownFileType = image.jpeg; path = "lkq@2x.jpg"; sourceTree = "<group>"; };
		A6D3A9B9204151000078A216 /* lkq_icon@2x.jpg */ = {isa = PBXFileReference; lastKnownFileType = image.jpeg; path = "lkq_icon@2x.jpg"; sourceTree = "<group>"; };
		A6D3A9BA204151000078A216 /* nanquan@2x.jpg */ = {isa = PBXFileReference; lastKnownFileType = image.jpeg; path = "nanquan@2x.jpg"; sourceTree = "<group>"; };
		A6D3A9BB204151000078A216 /* nanquan_icon@2x.jpg */ = {isa = PBXFileReference; lastKnownFileType = image.jpeg; path = "nanquan_icon@2x.jpg"; sourceTree = "<group>"; };
		A6D3A9BC204151000078A216 /* wf@2x.jpg */ = {isa = PBXFileReference; lastKnownFileType = image.jpeg; path = "wf@2x.jpg"; sourceTree = "<group>"; };
		A6D3A9BD204151000078A216 /* wf_icon@2x.jpg */ = {isa = PBXFileReference; lastKnownFileType = image.jpeg; path = "wf_icon@2x.jpg"; sourceTree = "<group>"; };
		A6D3A9BE204151000078A216 /* zxy@2x.jpg */ = {isa = PBXFileReference; lastKnownFileType = image.jpeg; path = "zxy@2x.jpg"; sourceTree = "<group>"; };
		A6D3A9BF204151000078A216 /* zxy_icon@2x.jpg */ = {isa = PBXFileReference; lastKnownFileType = image.jpeg; path = "zxy_icon@2x.jpg"; sourceTree = "<group>"; };
		A6D3A9C1204151000078A216 /* 传奇.lrc */ = {isa = PBXFileReference; fileEncoding = 4; lastKnownFileType = text; path = "传奇.lrc"; sourceTree = "<group>"; };
		A6D3A9C2204151000078A216 /* 简单爱.lrc */ = {isa = PBXFileReference; fileEncoding = 4; lastKnownFileType = text; path = "简单爱.lrc"; sourceTree = "<group>"; };
		A6D3A9C3204151000078A216 /* 小苹果.lrc */ = {isa = PBXFileReference; fileEncoding = 4; lastKnownFileType = text; path = "小苹果.lrc"; sourceTree = "<group>"; };
		A6D3A9C4204151000078A216 /* I Want It That Way.lrc */ = {isa = PBXFileReference; fileEncoding = 4; lastKnownFileType = text; path = "I Want It That Way.lrc"; sourceTree = "<group>"; };
		A6D3A9C5204151000078A216 /* 泡沫.lrc */ = {isa = PBXFileReference; fileEncoding = 4; lastKnownFileType = text; path = "泡沫.lrc"; sourceTree = "<group>"; };
		A6D3A9C6204151000078A216 /* 心碎了无痕.lrc */ = {isa = PBXFileReference; fileEncoding = 4; lastKnownFileType = text; path = "心碎了无痕.lrc"; sourceTree = "<group>"; };
		A6D3A9C7204151000078A216 /* 瓦解.lrc */ = {isa = PBXFileReference; fileEncoding = 4; lastKnownFileType = text; path = "瓦解.lrc"; sourceTree = "<group>"; };
		A6D3A9C8204151000078A216 /* 一千年以后.lrc */ = {isa = PBXFileReference; fileEncoding = 4; lastKnownFileType = text; path = "一千年以后.lrc"; sourceTree = "<group>"; };
		A6D3A9C9204151000078A216 /* 最佳损友.lrc */ = {isa = PBXFileReference; fileEncoding = 4; lastKnownFileType = text; path = "最佳损友.lrc"; sourceTree = "<group>"; };
		A6D3A9CA204151000078A216 /* 月半小夜曲.lrc */ = {isa = PBXFileReference; fileEncoding = 4; lastKnownFileType = text; path = "月半小夜曲.lrc"; sourceTree = "<group>"; };
		A6D3A9CC204151000078A216 /* 传奇.mp3 */ = {isa = PBXFileReference; lastKnownFileType = audio.mp3; path = "传奇.mp3"; sourceTree = "<group>"; };
		A6D3A9CD204151000078A216 /* 简单爱.mp3 */ = {isa = PBXFileReference; lastKnownFileType = audio.mp3; path = "简单爱.mp3"; sourceTree = "<group>"; };
		A6D3A9CE204151000078A216 /* 月半小夜曲.mp3 */ = {isa = PBXFileReference; lastKnownFileType = audio.mp3; path = "月半小夜曲.mp3"; sourceTree = "<group>"; };
		A6D3A9CF204151000078A216 /* 小苹果.mp3 */ = {isa = PBXFileReference; lastKnownFileType = audio.mp3; path = "小苹果.mp3"; sourceTree = "<group>"; };
		A6D3A9D0204151000078A216 /* I Want It That Way.mp3 */ = {isa = PBXFileReference; lastKnownFileType = audio.mp3; path = "I Want It That Way.mp3"; sourceTree = "<group>"; };
		A6D3A9D1204151000078A216 /* 泡沫.mp3 */ = {isa = PBXFileReference; lastKnownFileType = audio.mp3; path = "泡沫.mp3"; sourceTree = "<group>"; };
		A6D3A9D2204151000078A216 /* 心碎了无痕.mp3 */ = {isa = PBXFileReference; lastKnownFileType = audio.mp3; path = "心碎了无痕.mp3"; sourceTree = "<group>"; };
		A6D3A9D3204151000078A216 /* 瓦解.mp3 */ = {isa = PBXFileReference; lastKnownFileType = audio.mp3; path = "瓦解.mp3"; sourceTree = "<group>"; };
		A6D3A9D4204151000078A216 /* 一千年以后.mp3 */ = {isa = PBXFileReference; lastKnownFileType = audio.mp3; path = "一千年以后.mp3"; sourceTree = "<group>"; };
		A6D3A9D5204151000078A216 /* 最佳损友.mp3 */ = {isa = PBXFileReference; lastKnownFileType = audio.mp3; path = "最佳损友.mp3"; sourceTree = "<group>"; };
		A6D3A9D6204151000078A216 /* Musics.plist */ = {isa = PBXFileReference; fileEncoding = 4; lastKnownFileType = text.plist.xml; path = Musics.plist; sourceTree = "<group>"; };
		A6D3AA092042CE970078A216 /* SorinBaseViewController.h */ = {isa = PBXFileReference; lastKnownFileType = sourcecode.c.h; path = SorinBaseViewController.h; sourceTree = "<group>"; };
		A6D3AA0A2042CE970078A216 /* SorinBaseViewController.m */ = {isa = PBXFileReference; lastKnownFileType = sourcecode.c.objc; path = SorinBaseViewController.m; sourceTree = "<group>"; };
		A6D3AA0F2042CFCA0078A216 /* MusicViewController.h */ = {isa = PBXFileReference; lastKnownFileType = sourcecode.c.h; path = MusicViewController.h; sourceTree = "<group>"; };
		A6D3AA102042CFCA0078A216 /* MusicViewController.m */ = {isa = PBXFileReference; lastKnownFileType = sourcecode.c.objc; path = MusicViewController.m; sourceTree = "<group>"; };
		A6D3AA122042D13A0078A216 /* NewsViewController.h */ = {isa = PBXFileReference; lastKnownFileType = sourcecode.c.h; path = NewsViewController.h; sourceTree = "<group>"; };
		A6D3AA132042D13A0078A216 /* NewsViewController.m */ = {isa = PBXFileReference; lastKnownFileType = sourcecode.c.objc; path = NewsViewController.m; sourceTree = "<group>"; };
		A6D3AA152042D2EA0078A216 /* LrcViewCell.h */ = {isa = PBXFileReference; lastKnownFileType = sourcecode.c.h; path = LrcViewCell.h; sourceTree = "<group>"; };
		A6D3AA162042D2EA0078A216 /* LrcViewCell.m */ = {isa = PBXFileReference; lastKnownFileType = sourcecode.c.objc; path = LrcViewCell.m; sourceTree = "<group>"; };
		A6D3AA182042D2F90078A216 /* MusicListViewCell.h */ = {isa = PBXFileReference; lastKnownFileType = sourcecode.c.h; path = MusicListViewCell.h; sourceTree = "<group>"; };
		A6D3AA192042D2F90078A216 /* MusicListViewCell.m */ = {isa = PBXFileReference; lastKnownFileType = sourcecode.c.objc; path = MusicListViewCell.m; sourceTree = "<group>"; };
		A6D3AA1B2042D3160078A216 /* LrcView.h */ = {isa = PBXFileReference; lastKnownFileType = sourcecode.c.h; path = LrcView.h; sourceTree = "<group>"; };
		A6D3AA1C2042D3160078A216 /* LrcView.m */ = {isa = PBXFileReference; lastKnownFileType = sourcecode.c.objc; path = LrcView.m; sourceTree = "<group>"; };
		A6D3AA1E2042D3450078A216 /* MusicInfoModel.h */ = {isa = PBXFileReference; lastKnownFileType = sourcecode.c.h; path = MusicInfoModel.h; sourceTree = "<group>"; };
		A6D3AA1F2042D3450078A216 /* MusicInfoModel.m */ = {isa = PBXFileReference; lastKnownFileType = sourcecode.c.objc; path = MusicInfoModel.m; sourceTree = "<group>"; };
		A6D3AA222042E5100078A216 /* MusicToolInstance.h */ = {isa = PBXFileReference; lastKnownFileType = sourcecode.c.h; path = MusicToolInstance.h; sourceTree = "<group>"; };
		A6D3AA232042E5100078A216 /* MusicToolInstance.m */ = {isa = PBXFileReference; lastKnownFileType = sourcecode.c.objc; path = MusicToolInstance.m; sourceTree = "<group>"; };
		A6D3AA252043EE180078A216 /* SorinNavgationbar.h */ = {isa = PBXFileReference; lastKnownFileType = sourcecode.c.h; path = SorinNavgationbar.h; sourceTree = "<group>"; };
		A6D3AA262043EE180078A216 /* SorinNavgationbar.m */ = {isa = PBXFileReference; lastKnownFileType = sourcecode.c.objc; path = SorinNavgationbar.m; sourceTree = "<group>"; };
		A6D3AA3B2044168D0078A216 /* SorinTabbarController.h */ = {isa = PBXFileReference; lastKnownFileType = sourcecode.c.h; path = SorinTabbarController.h; sourceTree = "<group>"; };
		A6D3AA3C2044168D0078A216 /* SorinTabbarController.m */ = {isa = PBXFileReference; lastKnownFileType = sourcecode.c.objc; path = SorinTabbarController.m; sourceTree = "<group>"; };
		A6D3AA3E204417C10078A216 /* MainTabbarController.h */ = {isa = PBXFileReference; lastKnownFileType = sourcecode.c.h; path = MainTabbarController.h; sourceTree = "<group>"; };
		A6D3AA3F204417C10078A216 /* MainTabbarController.m */ = {isa = PBXFileReference; lastKnownFileType = sourcecode.c.objc; path = MainTabbarController.m; sourceTree = "<group>"; };
		B49A0ED3A5E38FC9C9500832 /* Pods-Sorin.debug.xcconfig */ = {isa = PBXFileReference; includeInIndex = 1; lastKnownFileType = text.xcconfig; name = "Pods-Sorin.debug.xcconfig"; path = "Pods/Target Support Files/Pods-Sorin/Pods-Sorin.debug.xcconfig"; sourceTree = "<group>"; };
		DE5EB1991717372F5B6442D0 /* Pods-Sorin.release.xcconfig */ = {isa = PBXFileReference; includeInIndex = 1; lastKnownFileType = text.xcconfig; name = "Pods-Sorin.release.xcconfig"; path = "Pods/Target Support Files/Pods-Sorin/Pods-Sorin.release.xcconfig"; sourceTree = "<group>"; };
/* End PBXFileReference section */

/* Begin PBXFrameworksBuildPhase section */
		A63A2BDD203EA72D007FACCF /* Frameworks */ = {
			isa = PBXFrameworksBuildPhase;
			buildActionMask = 2147483647;
			files = (
				3027E825F26869C9F4B93283 /* libPods-Sorin.a in Frameworks */,
			);
			runOnlyForDeploymentPostprocessing = 0;
		};
		A63A2BF5203EA72D007FACCF /* Frameworks */ = {
			isa = PBXFrameworksBuildPhase;
			buildActionMask = 2147483647;
			files = (
			);
			runOnlyForDeploymentPostprocessing = 0;
		};
		A63A2C00203EA72D007FACCF /* Frameworks */ = {
			isa = PBXFrameworksBuildPhase;
			buildActionMask = 2147483647;
			files = (
			);
			runOnlyForDeploymentPostprocessing = 0;
		};
/* End PBXFrameworksBuildPhase section */

/* Begin PBXGroup section */
		2655228DECAA2B816149E3B4 /* Frameworks */ = {
			isa = PBXGroup;
			children = (
				52207947D822A22F2FFACFB6 /* libPods-Sorin.a */,
			);
			name = Frameworks;
			sourceTree = "<group>";
		};
		2A9879EEB9C05AE3D5E4D434 /* Pods */ = {
			isa = PBXGroup;
			children = (
				B49A0ED3A5E38FC9C9500832 /* Pods-Sorin.debug.xcconfig */,
				DE5EB1991717372F5B6442D0 /* Pods-Sorin.release.xcconfig */,
			);
			name = Pods;
			sourceTree = "<group>";
		};
		A602419220453C4100A8846D /* SorinTool */ = {
			isa = PBXGroup;
			children = (
				A602419320453C7300A8846D /* SorinTool.h */,
			);
			path = SorinTool;
			sourceTree = "<group>";
		};
		A63A2BD7203EA72C007FACCF = {
			isa = PBXGroup;
			children = (
				A63A2BE2203EA72D007FACCF /* Sorin */,
				A63A2BFB203EA72D007FACCF /* SorinTests */,
				A63A2C06203EA72D007FACCF /* SorinUITests */,
				A63A2BE1203EA72D007FACCF /* Products */,
				2A9879EEB9C05AE3D5E4D434 /* Pods */,
				2655228DECAA2B816149E3B4 /* Frameworks */,
			);
			sourceTree = "<group>";
		};
		A63A2BE1203EA72D007FACCF /* Products */ = {
			isa = PBXGroup;
			children = (
				A63A2BE0203EA72D007FACCF /* Sorin.app */,
				A63A2BF8203EA72D007FACCF /* SorinTests.xctest */,
				A63A2C03203EA72D007FACCF /* SorinUITests.xctest */,
			);
			name = Products;
			sourceTree = "<group>";
		};
		A63A2BE2203EA72D007FACCF /* Sorin */ = {
			isa = PBXGroup;
			children = (
				A65855CB2050008A004C82B8 /* other */,
				A65855BE20464BC7004C82B8 /* Category */,
				A602419220453C4100A8846D /* SorinTool */,
				A6D3AA002042CC010078A216 /* Base */,
				A6D3AA282043EF150078A216 /* Main */,
				A6D3AA012042CC010078A216 /* Music */,
				A6D3AA052042CC010078A216 /* News */,
				A63A2BE6203EA72D007FACCF /* ViewController.h */,
				A63A2BE7203EA72D007FACCF /* ViewController.m */,
				A63A2C15203EA743007FACCF /* Sorin.pch */,
				A63A2BE3203EA72D007FACCF /* AppDelegate.h */,
				A63A2BE4203EA72D007FACCF /* AppDelegate.m */,
				A63A2BE9203EA72D007FACCF /* Main.storyboard */,
				A63A2BEC203EA72D007FACCF /* Assets.xcassets */,
				A63A2BEE203EA72D007FACCF /* LaunchScreen.storyboard */,
				A63A2BF1203EA72D007FACCF /* Info.plist */,
				A63A2BF2203EA72D007FACCF /* main.m */,
			);
			path = Sorin;
			sourceTree = "<group>";
		};
		A63A2BFB203EA72D007FACCF /* SorinTests */ = {
			isa = PBXGroup;
			children = (
				A63A2BFC203EA72D007FACCF /* SorinTests.m */,
				A63A2BFE203EA72D007FACCF /* Info.plist */,
			);
			path = SorinTests;
			sourceTree = "<group>";
		};
		A63A2C06203EA72D007FACCF /* SorinUITests */ = {
			isa = PBXGroup;
			children = (
				A63A2C07203EA72D007FACCF /* SorinUITests.m */,
				A63A2C09203EA72D007FACCF /* Info.plist */,
			);
			path = SorinUITests;
			sourceTree = "<group>";
		};
		A65855BE20464BC7004C82B8 /* Category */ = {
			isa = PBXGroup;
			children = (
				A65855BF20464CF7004C82B8 /* UIView+sorinFrame.h */,
				A65855C020464CF7004C82B8 /* UIView+sorinFrame.m */,
			);
			path = Category;
			sourceTree = "<group>";
		};
		A65855CB2050008A004C82B8 /* other */ = {
			isa = PBXGroup;
			children = (
				A65855CC205000BD004C82B8 /* MotionManagerViewController.h */,
				A65855CD205000BD004C82B8 /* MotionManagerViewController.m */,
				A65855CF205F5DF8004C82B8 /* GCDViewController.h */,
				A65855D0205F5DF8004C82B8 /* GCDViewController.m */,
			);
			name = other;
			path = Sorin/other;
			sourceTree = SOURCE_ROOT;
		};
		A6D3A9AA204151000078A216 /* QQResources */ = {
			isa = PBXGroup;
			children = (
				A6D3A9AB204151000078A216 /* Images */,
				A6D3A9C0204151000078A216 /* Lrcs */,
				A6D3A9CB204151000078A216 /* MP3s */,
				A6D3A9D6204151000078A216 /* Musics.plist */,
			);
			path = QQResources;
			sourceTree = "<group>";
		};
		A6D3A9AB204151000078A216 /* Images */ = {
			isa = PBXGroup;
			children = (
				A6D3A9AC204151000078A216 /* bb@2x.jpg */,
				A6D3A9AD204151000078A216 /* bb_icon@2x.jpg */,
				A6D3A9AE204151000078A216 /* dzq@2x.jpg */,
				A6D3A9AF204151000078A216 /* dzq_icon@2x.jpg */,
				A6D3A9B0204151000078A216 /* eason@2x.jpg */,
				A6D3A9B1204151000078A216 /* eason_icon@2x.jpg */,
				A6D3A9B2204151000078A216 /* jay@2x.jpg */,
				A6D3A9B3204151000078A216 /* jay_icon@2x.png */,
				A6D3A9B4204151000078A216 /* jj@2x.jpg */,
				A6D3A9B5204151000078A216 /* jj_icon@2x.png */,
				A6D3A9B6204151000078A216 /* kzxd@2x.jpg */,
				A6D3A9B7204151000078A216 /* kzxd_icon@2x.jpg */,
				A6D3A9B8204151000078A216 /* lkq@2x.jpg */,
				A6D3A9B9204151000078A216 /* lkq_icon@2x.jpg */,
				A6D3A9BA204151000078A216 /* nanquan@2x.jpg */,
				A6D3A9BB204151000078A216 /* nanquan_icon@2x.jpg */,
				A6D3A9BC204151000078A216 /* wf@2x.jpg */,
				A6D3A9BD204151000078A216 /* wf_icon@2x.jpg */,
				A6D3A9BE204151000078A216 /* zxy@2x.jpg */,
				A6D3A9BF204151000078A216 /* zxy_icon@2x.jpg */,
			);
			path = Images;
			sourceTree = "<group>";
		};
		A6D3A9C0204151000078A216 /* Lrcs */ = {
			isa = PBXGroup;
			children = (
				A6D3A9C1204151000078A216 /* 传奇.lrc */,
				A6D3A9C2204151000078A216 /* 简单爱.lrc */,
				A6D3A9C3204151000078A216 /* 小苹果.lrc */,
				A6D3A9C4204151000078A216 /* I Want It That Way.lrc */,
				A6D3A9C5204151000078A216 /* 泡沫.lrc */,
				A6D3A9C6204151000078A216 /* 心碎了无痕.lrc */,
				A6D3A9C7204151000078A216 /* 瓦解.lrc */,
				A6D3A9C8204151000078A216 /* 一千年以后.lrc */,
				A6D3A9C9204151000078A216 /* 最佳损友.lrc */,
				A6D3A9CA204151000078A216 /* 月半小夜曲.lrc */,
			);
			path = Lrcs;
			sourceTree = "<group>";
		};
		A6D3A9CB204151000078A216 /* MP3s */ = {
			isa = PBXGroup;
			children = (
				A6D3A9CC204151000078A216 /* 传奇.mp3 */,
				A6D3A9CD204151000078A216 /* 简单爱.mp3 */,
				A6D3A9CE204151000078A216 /* 月半小夜曲.mp3 */,
				A6D3A9CF204151000078A216 /* 小苹果.mp3 */,
				A6D3A9D0204151000078A216 /* I Want It That Way.mp3 */,
				A6D3A9D1204151000078A216 /* 泡沫.mp3 */,
				A6D3A9D2204151000078A216 /* 心碎了无痕.mp3 */,
				A6D3A9D3204151000078A216 /* 瓦解.mp3 */,
				A6D3A9D4204151000078A216 /* 一千年以后.mp3 */,
				A6D3A9D5204151000078A216 /* 最佳损友.mp3 */,
			);
			path = MP3s;
			sourceTree = "<group>";
		};
		A6D3AA002042CC010078A216 /* Base */ = {
			isa = PBXGroup;
			children = (
				A6D3AA3B2044168D0078A216 /* SorinTabbarController.h */,
				A6D3AA3C2044168D0078A216 /* SorinTabbarController.m */,
				A6D3AA3E204417C10078A216 /* MainTabbarController.h */,
				A6D3AA3F204417C10078A216 /* MainTabbarController.m */,
				A6D3AA252043EE180078A216 /* SorinNavgationbar.h */,
				A6D3AA262043EE180078A216 /* SorinNavgationbar.m */,
				A63A2C16203ED261007FACCF /* SorinNavigationViewController.h */,
				A63A2C17203ED261007FACCF /* SorinNavigationViewController.m */,
				A6D3AA092042CE970078A216 /* SorinBaseViewController.h */,
				A6D3AA0A2042CE970078A216 /* SorinBaseViewController.m */,
			);
			path = Base;
			sourceTree = "<group>";
		};
		A6D3AA012042CC010078A216 /* Music */ = {
			isa = PBXGroup;
			children = (
				A6D3A9AA204151000078A216 /* QQResources */,
				A6D3AA212042E4400078A216 /* MusicTool */,
				A6D3AA022042CC010078A216 /* controllers */,
				A6D3AA032042CC010078A216 /* models */,
				A6D3AA042042CC010078A216 /* views */,
			);
			path = Music;
			sourceTree = "<group>";
		};
		A6D3AA022042CC010078A216 /* controllers */ = {
			isa = PBXGroup;
			children = (
				A6D3AA0F2042CFCA0078A216 /* MusicViewController.h */,
				A6D3AA102042CFCA0078A216 /* MusicViewController.m */,
				A65855C52046F039004C82B8 /* MusicPlayViewController.h */,
				A65855C62046F039004C82B8 /* MusicPlayViewController.m */,
			);
			path = controllers;
			sourceTree = "<group>";
		};
		A6D3AA032042CC010078A216 /* models */ = {
			isa = PBXGroup;
			children = (
				A6D3AA1E2042D3450078A216 /* MusicInfoModel.h */,
				A6D3AA1F2042D3450078A216 /* MusicInfoModel.m */,
				A65855C22046C1E8004C82B8 /* MusicModel.h */,
				A65855C32046C1E8004C82B8 /* MusicModel.m */,
				A65855C8204A7C13004C82B8 /* LrcModel.h */,
				A65855C9204A7C13004C82B8 /* LrcModel.m */,
			);
			path = models;
			sourceTree = "<group>";
		};
		A6D3AA042042CC010078A216 /* views */ = {
			isa = PBXGroup;
			children = (
				A6D3AA152042D2EA0078A216 /* LrcViewCell.h */,
				A6D3AA162042D2EA0078A216 /* LrcViewCell.m */,
				A6D3AA182042D2F90078A216 /* MusicListViewCell.h */,
				A6D3AA192042D2F90078A216 /* MusicListViewCell.m */,
				A6D3AA1B2042D3160078A216 /* LrcView.h */,
				A6D3AA1C2042D3160078A216 /* LrcView.m */,
			);
			path = views;
			sourceTree = "<group>";
		};
		A6D3AA052042CC010078A216 /* News */ = {
			isa = PBXGroup;
			children = (
				A6D3AA062042CC010078A216 /* controllers */,
				A6D3AA072042CC010078A216 /* models */,
				A6D3AA082042CC010078A216 /* views */,
			);
			path = News;
			sourceTree = "<group>";
		};
		A6D3AA062042CC010078A216 /* controllers */ = {
			isa = PBXGroup;
			children = (
				A6D3AA122042D13A0078A216 /* NewsViewController.h */,
				A6D3AA132042D13A0078A216 /* NewsViewController.m */,
			);
			path = controllers;
			sourceTree = "<group>";
		};
		A6D3AA072042CC010078A216 /* models */ = {
			isa = PBXGroup;
			children = (
			);
			path = models;
			sourceTree = "<group>";
		};
		A6D3AA082042CC010078A216 /* views */ = {
			isa = PBXGroup;
			children = (
			);
			path = views;
			sourceTree = "<group>";
		};
		A6D3AA212042E4400078A216 /* MusicTool */ = {
			isa = PBXGroup;
			children = (
				A6D3AA222042E5100078A216 /* MusicToolInstance.h */,
				A6D3AA232042E5100078A216 /* MusicToolInstance.m */,
			);
			path = MusicTool;
			sourceTree = "<group>";
		};
		A6D3AA282043EF150078A216 /* Main */ = {
			isa = PBXGroup;
			children = (
				A6D3AA292043EF150078A216 /* controllers */,
				A6D3AA2C2043EF150078A216 /* models */,
				A6D3AA2F2043EF150078A216 /* views */,
			);
			path = Main;
			sourceTree = "<group>";
		};
		A6D3AA292043EF150078A216 /* controllers */ = {
			isa = PBXGroup;
			children = (
				A63A2C19203ED9EF007FACCF /* MainViewController.h */,
				A63A2C1A203ED9EF007FACCF /* MainViewController.m */,
			);
			path = controllers;
			sourceTree = "<group>";
		};
		A6D3AA2C2043EF150078A216 /* models */ = {
			isa = PBXGroup;
			children = (
			);
			path = models;
			sourceTree = "<group>";
		};
		A6D3AA2F2043EF150078A216 /* views */ = {
			isa = PBXGroup;
			children = (
			);
			path = views;
			sourceTree = "<group>";
		};
/* End PBXGroup section */

/* Begin PBXNativeTarget section */
		A63A2BDF203EA72D007FACCF /* Sorin */ = {
			isa = PBXNativeTarget;
			buildConfigurationList = A63A2C0C203EA72D007FACCF /* Build configuration list for PBXNativeTarget "Sorin" */;
			buildPhases = (
				EED547FAAE3826FBB1C3E094 /* [CP] Check Pods Manifest.lock */,
				A63A2BDC203EA72D007FACCF /* Sources */,
				A63A2BDD203EA72D007FACCF /* Frameworks */,
				A63A2BDE203EA72D007FACCF /* Resources */,
				832B7B4521B029AA64ADA629 /* [CP] Embed Pods Frameworks */,
				A0D44CAB38027FDA65CEBEF8 /* [CP] Copy Pods Resources */,
			);
			buildRules = (
			);
			dependencies = (
			);
			name = Sorin;
			productName = Sorin;
			productReference = A63A2BE0203EA72D007FACCF /* Sorin.app */;
			productType = "com.apple.product-type.application";
		};
		A63A2BF7203EA72D007FACCF /* SorinTests */ = {
			isa = PBXNativeTarget;
			buildConfigurationList = A63A2C0F203EA72D007FACCF /* Build configuration list for PBXNativeTarget "SorinTests" */;
			buildPhases = (
				A63A2BF4203EA72D007FACCF /* Sources */,
				A63A2BF5203EA72D007FACCF /* Frameworks */,
				A63A2BF6203EA72D007FACCF /* Resources */,
			);
			buildRules = (
			);
			dependencies = (
				A63A2BFA203EA72D007FACCF /* PBXTargetDependency */,
			);
			name = SorinTests;
			productName = SorinTests;
			productReference = A63A2BF8203EA72D007FACCF /* SorinTests.xctest */;
			productType = "com.apple.product-type.bundle.unit-test";
		};
		A63A2C02203EA72D007FACCF /* SorinUITests */ = {
			isa = PBXNativeTarget;
			buildConfigurationList = A63A2C12203EA72D007FACCF /* Build configuration list for PBXNativeTarget "SorinUITests" */;
			buildPhases = (
				A63A2BFF203EA72D007FACCF /* Sources */,
				A63A2C00203EA72D007FACCF /* Frameworks */,
				A63A2C01203EA72D007FACCF /* Resources */,
			);
			buildRules = (
			);
			dependencies = (
				A63A2C05203EA72D007FACCF /* PBXTargetDependency */,
			);
			name = SorinUITests;
			productName = SorinUITests;
			productReference = A63A2C03203EA72D007FACCF /* SorinUITests.xctest */;
			productType = "com.apple.product-type.bundle.ui-testing";
		};
/* End PBXNativeTarget section */

/* Begin PBXProject section */
		A63A2BD8203EA72C007FACCF /* Project object */ = {
			isa = PBXProject;
			attributes = {
				LastUpgradeCheck = 0920;
				ORGANIZATIONNAME = shaoliangliang;
				TargetAttributes = {
					A63A2BDF203EA72D007FACCF = {
						CreatedOnToolsVersion = 9.2;
						ProvisioningStyle = Automatic;
					};
					A63A2BF7203EA72D007FACCF = {
						CreatedOnToolsVersion = 9.2;
						ProvisioningStyle = Automatic;
						TestTargetID = A63A2BDF203EA72D007FACCF;
					};
					A63A2C02203EA72D007FACCF = {
						CreatedOnToolsVersion = 9.2;
						ProvisioningStyle = Automatic;
						TestTargetID = A63A2BDF203EA72D007FACCF;
					};
				};
			};
			buildConfigurationList = A63A2BDB203EA72C007FACCF /* Build configuration list for PBXProject "Sorin" */;
			compatibilityVersion = "Xcode 8.0";
			developmentRegion = en;
			hasScannedForEncodings = 0;
			knownRegions = (
				en,
				Base,
			);
			mainGroup = A63A2BD7203EA72C007FACCF;
			productRefGroup = A63A2BE1203EA72D007FACCF /* Products */;
			projectDirPath = "";
			projectRoot = "";
			targets = (
				A63A2BDF203EA72D007FACCF /* Sorin */,
				A63A2BF7203EA72D007FACCF /* SorinTests */,
				A63A2C02203EA72D007FACCF /* SorinUITests */,
			);
		};
/* End PBXProject section */

/* Begin PBXResourcesBuildPhase section */
		A63A2BDE203EA72D007FACCF /* Resources */ = {
			isa = PBXResourcesBuildPhase;
			buildActionMask = 2147483647;
			files = (
				A6D3A9F1204151000078A216 /* 瓦解.lrc in Resources */,
				A6D3A9EC204151000078A216 /* 简单爱.lrc in Resources */,
				A6D3A9F9204151000078A216 /* I Want It That Way.mp3 in Resources */,
				A6D3A9E6204151000078A216 /* nanquan_icon@2x.jpg in Resources */,
				A6D3A9E0204151000078A216 /* jj_icon@2x.png in Resources */,
				A6D3A9F7204151000078A216 /* 月半小夜曲.mp3 in Resources */,
				A6D3A9FF204151000078A216 /* Musics.plist in Resources */,
				A6D3A9F6204151000078A216 /* 简单爱.mp3 in Resources */,
				A6D3A9DE204151000078A216 /* jay_icon@2x.png in Resources */,
				A6D3A9FA204151000078A216 /* 泡沫.mp3 in Resources */,
				A6D3A9D8204151000078A216 /* bb_icon@2x.jpg in Resources */,
				A6D3A9EB204151000078A216 /* 传奇.lrc in Resources */,
				A6D3A9E2204151000078A216 /* kzxd_icon@2x.jpg in Resources */,
				A6D3A9DD204151000078A216 /* jay@2x.jpg in Resources */,
				A63A2BF0203EA72D007FACCF /* LaunchScreen.storyboard in Resources */,
				A6D3A9EA204151000078A216 /* zxy_icon@2x.jpg in Resources */,
				A6D3A9FC204151000078A216 /* 瓦解.mp3 in Resources */,
				A6D3A9E7204151000078A216 /* wf@2x.jpg in Resources */,
				A6D3A9D9204151000078A216 /* dzq@2x.jpg in Resources */,
				A6D3A9E8204151000078A216 /* wf_icon@2x.jpg in Resources */,
				A6D3A9DC204151000078A216 /* eason_icon@2x.jpg in Resources */,
				A6D3A9F8204151000078A216 /* 小苹果.mp3 in Resources */,
				A6D3A9F5204151000078A216 /* 传奇.mp3 in Resources */,
				A6D3A9E1204151000078A216 /* kzxd@2x.jpg in Resources */,
				A6D3A9E4204151000078A216 /* lkq_icon@2x.jpg in Resources */,
				A6D3A9FB204151000078A216 /* 心碎了无痕.mp3 in Resources */,
				A6D3A9EE204151000078A216 /* I Want It That Way.lrc in Resources */,
				A6D3A9DF204151000078A216 /* jj@2x.jpg in Resources */,
				A6D3A9E9204151000078A216 /* zxy@2x.jpg in Resources */,
				A6D3A9DB204151000078A216 /* eason@2x.jpg in Resources */,
				A6D3A9E3204151000078A216 /* lkq@2x.jpg in Resources */,
				A6D3A9F2204151000078A216 /* 一千年以后.lrc in Resources */,
				A6D3A9F3204151000078A216 /* 最佳损友.lrc in Resources */,
				A6D3A9F4204151000078A216 /* 月半小夜曲.lrc in Resources */,
				A6D3A9DA204151000078A216 /* dzq_icon@2x.jpg in Resources */,
				A6D3A9EF204151000078A216 /* 泡沫.lrc in Resources */,
				A63A2BED203EA72D007FACCF /* Assets.xcassets in Resources */,
				A6D3A9FD204151000078A216 /* 一千年以后.mp3 in Resources */,
				A6D3A9ED204151000078A216 /* 小苹果.lrc in Resources */,
				A6D3A9D7204151000078A216 /* bb@2x.jpg in Resources */,
				A6D3A9F0204151000078A216 /* 心碎了无痕.lrc in Resources */,
				A63A2BEB203EA72D007FACCF /* Main.storyboard in Resources */,
				A6D3A9E5204151000078A216 /* nanquan@2x.jpg in Resources */,
				A6D3A9FE204151000078A216 /* 最佳损友.mp3 in Resources */,
			);
			runOnlyForDeploymentPostprocessing = 0;
		};
		A63A2BF6203EA72D007FACCF /* Resources */ = {
			isa = PBXResourcesBuildPhase;
			buildActionMask = 2147483647;
			files = (
			);
			runOnlyForDeploymentPostprocessing = 0;
		};
		A63A2C01203EA72D007FACCF /* Resources */ = {
			isa = PBXResourcesBuildPhase;
			buildActionMask = 2147483647;
			files = (
			);
			runOnlyForDeploymentPostprocessing = 0;
		};
/* End PBXResourcesBuildPhase section */

/* Begin PBXShellScriptBuildPhase section */
		832B7B4521B029AA64ADA629 /* [CP] Embed Pods Frameworks */ = {
			isa = PBXShellScriptBuildPhase;
			buildActionMask = 2147483647;
			files = (
			);
			inputPaths = (
			);
			name = "[CP] Embed Pods Frameworks";
			outputPaths = (
			);
			runOnlyForDeploymentPostprocessing = 0;
			shellPath = /bin/sh;
			shellScript = "\"${SRCROOT}/Pods/Target Support Files/Pods-Sorin/Pods-Sorin-frameworks.sh\"\n";
			showEnvVarsInLog = 0;
		};
		A0D44CAB38027FDA65CEBEF8 /* [CP] Copy Pods Resources */ = {
			isa = PBXShellScriptBuildPhase;
			buildActionMask = 2147483647;
			files = (
			);
			inputPaths = (
			);
			name = "[CP] Copy Pods Resources";
			outputPaths = (
			);
			runOnlyForDeploymentPostprocessing = 0;
			shellPath = /bin/sh;
			shellScript = "\"${SRCROOT}/Pods/Target Support Files/Pods-Sorin/Pods-Sorin-resources.sh\"\n";
			showEnvVarsInLog = 0;
		};
		EED547FAAE3826FBB1C3E094 /* [CP] Check Pods Manifest.lock */ = {
			isa = PBXShellScriptBuildPhase;
			buildActionMask = 2147483647;
			files = (
			);
			inputPaths = (
			);
			name = "[CP] Check Pods Manifest.lock";
			outputPaths = (
			);
			runOnlyForDeploymentPostprocessing = 0;
			shellPath = /bin/sh;
			shellScript = "diff \"${PODS_PODFILE_DIR_PATH}/Podfile.lock\" \"${PODS_ROOT}/Manifest.lock\" > /dev/null\nif [ $? != 0 ] ; then\n    # print error to STDERR\n    echo \"error: The sandbox is not in sync with the Podfile.lock. Run 'pod install' or update your CocoaPods installation.\" >&2\n    exit 1\nfi\n";
			showEnvVarsInLog = 0;
		};
/* End PBXShellScriptBuildPhase section */

/* Begin PBXSourcesBuildPhase section */
		A63A2BDC203EA72D007FACCF /* Sources */ = {
			isa = PBXSourcesBuildPhase;
			buildActionMask = 2147483647;
			files = (
				A6D3AA242042E5100078A216 /* MusicToolInstance.m in Sources */,
				A6D3AA172042D2EA0078A216 /* LrcViewCell.m in Sources */,
				A6D3AA272043EE180078A216 /* SorinNavgationbar.m in Sources */,
				A65855C72046F039004C82B8 /* MusicPlayViewController.m in Sources */,
				A63A2C18203ED261007FACCF /* SorinNavigationViewController.m in Sources */,
				A6D3AA1A2042D2F90078A216 /* MusicListViewCell.m in Sources */,
				A63A2BE8203EA72D007FACCF /* ViewController.m in Sources */,
				A65855D1205F5DF8004C82B8 /* GCDViewController.m in Sources */,
				A65855CA204A7C13004C82B8 /* LrcModel.m in Sources */,
				A6D3AA40204417C10078A216 /* MainTabbarController.m in Sources */,
				A65855C42046C1E8004C82B8 /* MusicModel.m in Sources */,
				A6D3AA202042D3450078A216 /* MusicInfoModel.m in Sources */,
				A6D3AA0B2042CE970078A216 /* SorinBaseViewController.m in Sources */,
				A6D3AA112042CFCA0078A216 /* MusicViewController.m in Sources */,
				A65855C120464CF7004C82B8 /* UIView+sorinFrame.m in Sources */,
				A65855CE205000BD004C82B8 /* MotionManagerViewController.m in Sources */,
				A63A2BF3203EA72D007FACCF /* main.m in Sources */,
				A63A2C1B203ED9EF007FACCF /* MainViewController.m in Sources */,
				A6D3AA1D2042D3160078A216 /* LrcView.m in Sources */,
				A6D3AA142042D13A0078A216 /* NewsViewController.m in Sources */,
				A6D3AA3D2044168D0078A216 /* SorinTabbarController.m in Sources */,
				A63A2BE5203EA72D007FACCF /* AppDelegate.m in Sources */,
			);
			runOnlyForDeploymentPostprocessing = 0;
		};
		A63A2BF4203EA72D007FACCF /* Sources */ = {
			isa = PBXSourcesBuildPhase;
			buildActionMask = 2147483647;
			files = (
				A63A2BFD203EA72D007FACCF /* SorinTests.m in Sources */,
			);
			runOnlyForDeploymentPostprocessing = 0;
		};
		A63A2BFF203EA72D007FACCF /* Sources */ = {
			isa = PBXSourcesBuildPhase;
			buildActionMask = 2147483647;
			files = (
				A63A2C08203EA72D007FACCF /* SorinUITests.m in Sources */,
			);
			runOnlyForDeploymentPostprocessing = 0;
		};
/* End PBXSourcesBuildPhase section */

/* Begin PBXTargetDependency section */
		A63A2BFA203EA72D007FACCF /* PBXTargetDependency */ = {
			isa = PBXTargetDependency;
			target = A63A2BDF203EA72D007FACCF /* Sorin */;
			targetProxy = A63A2BF9203EA72D007FACCF /* PBXContainerItemProxy */;
		};
		A63A2C05203EA72D007FACCF /* PBXTargetDependency */ = {
			isa = PBXTargetDependency;
			target = A63A2BDF203EA72D007FACCF /* Sorin */;
			targetProxy = A63A2C04203EA72D007FACCF /* PBXContainerItemProxy */;
		};
/* End PBXTargetDependency section */

/* Begin PBXVariantGroup section */
		A63A2BE9203EA72D007FACCF /* Main.storyboard */ = {
			isa = PBXVariantGroup;
			children = (
				A63A2BEA203EA72D007FACCF /* Base */,
			);
			name = Main.storyboard;
			sourceTree = "<group>";
		};
		A63A2BEE203EA72D007FACCF /* LaunchScreen.storyboard */ = {
			isa = PBXVariantGroup;
			children = (
				A63A2BEF203EA72D007FACCF /* Base */,
			);
			name = LaunchScreen.storyboard;
			sourceTree = "<group>";
		};
/* End PBXVariantGroup section */

/* Begin XCBuildConfiguration section */
		A63A2C0A203EA72D007FACCF /* Debug */ = {
			isa = XCBuildConfiguration;
			buildSettings = {
				ALWAYS_SEARCH_USER_PATHS = NO;
				CLANG_ANALYZER_NONNULL = YES;
				CLANG_ANALYZER_NUMBER_OBJECT_CONVERSION = YES_AGGRESSIVE;
				CLANG_CXX_LANGUAGE_STANDARD = "gnu++14";
				CLANG_CXX_LIBRARY = "libc++";
				CLANG_ENABLE_MODULES = YES;
				CLANG_ENABLE_OBJC_ARC = YES;
				CLANG_WARN_BLOCK_CAPTURE_AUTORELEASING = YES;
				CLANG_WARN_BOOL_CONVERSION = YES;
				CLANG_WARN_COMMA = YES;
				CLANG_WARN_CONSTANT_CONVERSION = YES;
				CLANG_WARN_DIRECT_OBJC_ISA_USAGE = YES_ERROR;
				CLANG_WARN_DOCUMENTATION_COMMENTS = YES;
				CLANG_WARN_EMPTY_BODY = YES;
				CLANG_WARN_ENUM_CONVERSION = YES;
				CLANG_WARN_INFINITE_RECURSION = YES;
				CLANG_WARN_INT_CONVERSION = YES;
				CLANG_WARN_NON_LITERAL_NULL_CONVERSION = YES;
				CLANG_WARN_OBJC_LITERAL_CONVERSION = YES;
				CLANG_WARN_OBJC_ROOT_CLASS = YES_ERROR;
				CLANG_WARN_RANGE_LOOP_ANALYSIS = YES;
				CLANG_WARN_STRICT_PROTOTYPES = YES;
				CLANG_WARN_SUSPICIOUS_MOVE = YES;
				CLANG_WARN_UNGUARDED_AVAILABILITY = YES_AGGRESSIVE;
				CLANG_WARN_UNREACHABLE_CODE = YES;
				CLANG_WARN__DUPLICATE_METHOD_MATCH = YES;
				CODE_SIGN_IDENTITY = "iPhone Developer";
				COPY_PHASE_STRIP = NO;
				DEBUG_INFORMATION_FORMAT = dwarf;
				ENABLE_STRICT_OBJC_MSGSEND = YES;
				ENABLE_TESTABILITY = YES;
				GCC_C_LANGUAGE_STANDARD = gnu11;
				GCC_DYNAMIC_NO_PIC = NO;
				GCC_NO_COMMON_BLOCKS = YES;
				GCC_OPTIMIZATION_LEVEL = 0;
				GCC_PREPROCESSOR_DEFINITIONS = (
					"DEBUG=1",
					"$(inherited)",
				);
				GCC_WARN_64_TO_32_BIT_CONVERSION = YES;
				GCC_WARN_ABOUT_RETURN_TYPE = YES_ERROR;
				GCC_WARN_UNDECLARED_SELECTOR = YES;
				GCC_WARN_UNINITIALIZED_AUTOS = YES_AGGRESSIVE;
				GCC_WARN_UNUSED_FUNCTION = YES;
				GCC_WARN_UNUSED_VARIABLE = YES;
				IPHONEOS_DEPLOYMENT_TARGET = 11.2;
				MTL_ENABLE_DEBUG_INFO = YES;
				ONLY_ACTIVE_ARCH = YES;
				SDKROOT = iphoneos;
			};
			name = Debug;
		};
		A63A2C0B203EA72D007FACCF /* Release */ = {
			isa = XCBuildConfiguration;
			buildSettings = {
				ALWAYS_SEARCH_USER_PATHS = NO;
				CLANG_ANALYZER_NONNULL = YES;
				CLANG_ANALYZER_NUMBER_OBJECT_CONVERSION = YES_AGGRESSIVE;
				CLANG_CXX_LANGUAGE_STANDARD = "gnu++14";
				CLANG_CXX_LIBRARY = "libc++";
				CLANG_ENABLE_MODULES = YES;
				CLANG_ENABLE_OBJC_ARC = YES;
				CLANG_WARN_BLOCK_CAPTURE_AUTORELEASING = YES;
				CLANG_WARN_BOOL_CONVERSION = YES;
				CLANG_WARN_COMMA = YES;
				CLANG_WARN_CONSTANT_CONVERSION = YES;
				CLANG_WARN_DIRECT_OBJC_ISA_USAGE = YES_ERROR;
				CLANG_WARN_DOCUMENTATION_COMMENTS = YES;
				CLANG_WARN_EMPTY_BODY = YES;
				CLANG_WARN_ENUM_CONVERSION = YES;
				CLANG_WARN_INFINITE_RECURSION = YES;
				CLANG_WARN_INT_CONVERSION = YES;
				CLANG_WARN_NON_LITERAL_NULL_CONVERSION = YES;
				CLANG_WARN_OBJC_LITERAL_CONVERSION = YES;
				CLANG_WARN_OBJC_ROOT_CLASS = YES_ERROR;
				CLANG_WARN_RANGE_LOOP_ANALYSIS = YES;
				CLANG_WARN_STRICT_PROTOTYPES = YES;
				CLANG_WARN_SUSPICIOUS_MOVE = YES;
				CLANG_WARN_UNGUARDED_AVAILABILITY = YES_AGGRESSIVE;
				CLANG_WARN_UNREACHABLE_CODE = YES;
				CLANG_WARN__DUPLICATE_METHOD_MATCH = YES;
				CODE_SIGN_IDENTITY = "iPhone Developer";
				COPY_PHASE_STRIP = NO;
				DEBUG_INFORMATION_FORMAT = "dwarf-with-dsym";
				ENABLE_NS_ASSERTIONS = NO;
				ENABLE_STRICT_OBJC_MSGSEND = YES;
				GCC_C_LANGUAGE_STANDARD = gnu11;
				GCC_NO_COMMON_BLOCKS = YES;
				GCC_WARN_64_TO_32_BIT_CONVERSION = YES;
				GCC_WARN_ABOUT_RETURN_TYPE = YES_ERROR;
				GCC_WARN_UNDECLARED_SELECTOR = YES;
				GCC_WARN_UNINITIALIZED_AUTOS = YES_AGGRESSIVE;
				GCC_WARN_UNUSED_FUNCTION = YES;
				GCC_WARN_UNUSED_VARIABLE = YES;
				IPHONEOS_DEPLOYMENT_TARGET = 11.2;
				MTL_ENABLE_DEBUG_INFO = NO;
				SDKROOT = iphoneos;
				VALIDATE_PRODUCT = YES;
			};
			name = Release;
		};
		A63A2C0D203EA72D007FACCF /* Debug */ = {
			isa = XCBuildConfiguration;
			baseConfigurationReference = B49A0ED3A5E38FC9C9500832 /* Pods-Sorin.debug.xcconfig */;
			buildSettings = {
				ASSETCATALOG_COMPILER_APPICON_NAME = AppIcon;
				CODE_SIGN_STYLE = Automatic;
				DEVELOPMENT_TEAM = 5NNXX73THY;
				GCC_PREFIX_HEADER = $SRCROOT/Sorin/Sorin.pch;
				INFOPLIST_FILE = Sorin/Info.plist;
				IPHONEOS_DEPLOYMENT_TARGET = 8.0;
				LD_RUNPATH_SEARCH_PATHS = "$(inherited) @executable_path/Frameworks";
				ONLY_ACTIVE_ARCH = YES;
				PRODUCT_BUNDLE_IDENTIFIER = sorin.Sorin;
				PRODUCT_NAME = "$(TARGET_NAME)";
				TARGETED_DEVICE_FAMILY = 1;
			};
			name = Debug;
		};
		A63A2C0E203EA72D007FACCF /* Release */ = {
			isa = XCBuildConfiguration;
			baseConfigurationReference = DE5EB1991717372F5B6442D0 /* Pods-Sorin.release.xcconfig */;
			buildSettings = {
				ASSETCATALOG_COMPILER_APPICON_NAME = AppIcon;
				CODE_SIGN_STYLE = Automatic;
				DEVELOPMENT_TEAM = 5NNXX73THY;
				GCC_PREFIX_HEADER = $SRCROOT/Sorin/Sorin.pch;
				INFOPLIST_FILE = Sorin/Info.plist;
				IPHONEOS_DEPLOYMENT_TARGET = 8.0;
				LD_RUNPATH_SEARCH_PATHS = "$(inherited) @executable_path/Frameworks";
				PRODUCT_BUNDLE_IDENTIFIER = sorin.Sorin;
				PRODUCT_NAME = "$(TARGET_NAME)";
				TARGETED_DEVICE_FAMILY = 1;
			};
			name = Release;
		};
		A63A2C10203EA72D007FACCF /* Debug */ = {
			isa = XCBuildConfiguration;
			buildSettings = {
				BUNDLE_LOADER = "$(TEST_HOST)";
				CODE_SIGN_STYLE = Automatic;
				DEVELOPMENT_TEAM = 5NNXX73THY;
				INFOPLIST_FILE = SorinTests/Info.plist;
				LD_RUNPATH_SEARCH_PATHS = "$(inherited) @executable_path/Frameworks @loader_path/Frameworks";
				PRODUCT_BUNDLE_IDENTIFIER = sorin.SorinTests;
				PRODUCT_NAME = "$(TARGET_NAME)";
				TARGETED_DEVICE_FAMILY = "1,2";
				TEST_HOST = "$(BUILT_PRODUCTS_DIR)/Sorin.app/Sorin";
			};
			name = Debug;
		};
		A63A2C11203EA72D007FACCF /* Release */ = {
			isa = XCBuildConfiguration;
			buildSettings = {
				BUNDLE_LOADER = "$(TEST_HOST)";
				CODE_SIGN_STYLE = Automatic;
				DEVELOPMENT_TEAM = 5NNXX73THY;
				INFOPLIST_FILE = SorinTests/Info.plist;
				LD_RUNPATH_SEARCH_PATHS = "$(inherited) @executable_path/Frameworks @loader_path/Frameworks";
				PRODUCT_BUNDLE_IDENTIFIER = sorin.SorinTests;
				PRODUCT_NAME = "$(TARGET_NAME)";
				TARGETED_DEVICE_FAMILY = "1,2";
				TEST_HOST = "$(BUILT_PRODUCTS_DIR)/Sorin.app/Sorin";
			};
			name = Release;
		};
		A63A2C13203EA72D007FACCF /* Debug */ = {
			isa = XCBuildConfiguration;
			buildSettings = {
				CODE_SIGN_STYLE = Automatic;
				DEVELOPMENT_TEAM = 5NNXX73THY;
				INFOPLIST_FILE = SorinUITests/Info.plist;
				LD_RUNPATH_SEARCH_PATHS = "$(inherited) @executable_path/Frameworks @loader_path/Frameworks";
				PRODUCT_BUNDLE_IDENTIFIER = sorin.SorinUITests;
				PRODUCT_NAME = "$(TARGET_NAME)";
				TARGETED_DEVICE_FAMILY = "1,2";
				TEST_TARGET_NAME = Sorin;
			};
			name = Debug;
		};
		A63A2C14203EA72D007FACCF /* Release */ = {
			isa = XCBuildConfiguration;
			buildSettings = {
				CODE_SIGN_STYLE = Automatic;
				DEVELOPMENT_TEAM = 5NNXX73THY;
				INFOPLIST_FILE = SorinUITests/Info.plist;
				LD_RUNPATH_SEARCH_PATHS = "$(inherited) @executable_path/Frameworks @loader_path/Frameworks";
				PRODUCT_BUNDLE_IDENTIFIER = sorin.SorinUITests;
				PRODUCT_NAME = "$(TARGET_NAME)";
				TARGETED_DEVICE_FAMILY = "1,2";
				TEST_TARGET_NAME = Sorin;
			};
			name = Release;
		};
/* End XCBuildConfiguration section */

/* Begin XCConfigurationList section */
		A63A2BDB203EA72C007FACCF /* Build configuration list for PBXProject "Sorin" */ = {
			isa = XCConfigurationList;
			buildConfigurations = (
				A63A2C0A203EA72D007FACCF /* Debug */,
				A63A2C0B203EA72D007FACCF /* Release */,
			);
			defaultConfigurationIsVisible = 0;
			defaultConfigurationName = Release;
		};
		A63A2C0C203EA72D007FACCF /* Build configuration list for PBXNativeTarget "Sorin" */ = {
			isa = XCConfigurationList;
			buildConfigurations = (
				A63A2C0D203EA72D007FACCF /* Debug */,
				A63A2C0E203EA72D007FACCF /* Release */,
			);
			defaultConfigurationIsVisible = 0;
			defaultConfigurationName = Release;
		};
		A63A2C0F203EA72D007FACCF /* Build configuration list for PBXNativeTarget "SorinTests" */ = {
			isa = XCConfigurationList;
			buildConfigurations = (
				A63A2C10203EA72D007FACCF /* Debug */,
				A63A2C11203EA72D007FACCF /* Release */,
			);
			defaultConfigurationIsVisible = 0;
			defaultConfigurationName = Release;
		};
		A63A2C12203EA72D007FACCF /* Build configuration list for PBXNativeTarget "SorinUITests" */ = {
			isa = XCConfigurationList;
			buildConfigurations = (
				A63A2C13203EA72D007FACCF /* Debug */,
				A63A2C14203EA72D007FACCF /* Release */,
			);
			defaultConfigurationIsVisible = 0;
			defaultConfigurationName = Release;
		};
/* End XCConfigurationList section */
	};
	rootObject = A63A2BD8203EA72C007FACCF /* Project object */;
}
